// !$*UTF8*$!
{
	archiveVersion = 1;
	classes = {
	};
	objectVersion = 50;
	objects = {

/* Begin PBXBuildFile section */
		28DE88F30B32A4FD170C07B6 /* Pods_Chatios.framework in Frameworks */ = {isa = PBXBuildFile; fileRef = 4BF1647A50CF9A4300180BD9 /* Pods_Chatios.framework */; };
		A4042ACD218C2CE3001E096D /* ChatViewController.swift in Sources */ = {isa = PBXBuildFile; fileRef = A4042ACC218C2CE3001E096D /* ChatViewController.swift */; };
		A4042ACF218C3789001E096D /* WsManager.swift in Sources */ = {isa = PBXBuildFile; fileRef = A4042ACE218C3789001E096D /* WsManager.swift */; };
		A4138989218A2B710052605C /* AppDelegate.swift in Sources */ = {isa = PBXBuildFile; fileRef = A4138988218A2B710052605C /* AppDelegate.swift */; };
		A413898B218A2B710052605C /* ViewController.swift in Sources */ = {isa = PBXBuildFile; fileRef = A413898A218A2B710052605C /* ViewController.swift */; };
		A413898E218A2B710052605C /* Main.storyboard in Resources */ = {isa = PBXBuildFile; fileRef = A413898C218A2B710052605C /* Main.storyboard */; };
		A4138990218A2B730052605C /* Assets.xcassets in Resources */ = {isa = PBXBuildFile; fileRef = A413898F218A2B730052605C /* Assets.xcassets */; };
		A4138993218A2B730052605C /* LaunchScreen.storyboard in Resources */ = {isa = PBXBuildFile; fileRef = A4138991218A2B730052605C /* LaunchScreen.storyboard */; };
/* End PBXBuildFile section */

/* Begin PBXFileReference section */
		4BF1647A50CF9A4300180BD9 /* Pods_Chatios.framework */ = {isa = PBXFileReference; explicitFileType = wrapper.framework; includeInIndex = 0; path = Pods_Chatios.framework; sourceTree = BUILT_PRODUCTS_DIR; };
		A4042ACC218C2CE3001E096D /* ChatViewController.swift */ = {isa = PBXFileReference; lastKnownFileType = sourcecode.swift; path = ChatViewController.swift; sourceTree = "<group>"; };
		A4042ACE218C3789001E096D /* WsManager.swift */ = {isa = PBXFileReference; lastKnownFileType = sourcecode.swift; path = WsManager.swift; sourceTree = "<group>"; };
		A4138985218A2B710052605C /* Chatios.app */ = {isa = PBXFileReference; explicitFileType = wrapper.application; includeInIndex = 0; path = Chatios.app; sourceTree = BUILT_PRODUCTS_DIR; };
		A4138988218A2B710052605C /* AppDelegate.swift */ = {isa = PBXFileReference; lastKnownFileType = sourcecode.swift; path = AppDelegate.swift; sourceTree = "<group>"; };
		A413898A218A2B710052605C /* ViewController.swift */ = {isa = PBXFileReference; lastKnownFileType = sourcecode.swift; path = ViewController.swift; sourceTree = "<group>"; };
		A413898D218A2B710052605C /* Base */ = {isa = PBXFileReference; lastKnownFileType = file.storyboard; name = Base; path = Base.lproj/Main.storyboard; sourceTree = "<group>"; };
		A413898F218A2B730052605C /* Assets.xcassets */ = {isa = PBXFileReference; lastKnownFileType = folder.assetcatalog; path = Assets.xcassets; sourceTree = "<group>"; };
		A4138992218A2B730052605C /* Base */ = {isa = PBXFileReference; lastKnownFileType = file.storyboard; name = Base; path = Base.lproj/LaunchScreen.storyboard; sourceTree = "<group>"; };
		A4138994218A2B730052605C /* Info.plist */ = {isa = PBXFileReference; lastKnownFileType = text.plist.xml; path = Info.plist; sourceTree = "<group>"; };
		E36B11CB4FA4980E0B1B1ACB /* Pods-Chatios.debug.xcconfig */ = {isa = PBXFileReference; includeInIndex = 1; lastKnownFileType = text.xcconfig; name = "Pods-Chatios.debug.xcconfig"; path = "Pods/Target Support Files/Pods-Chatios/Pods-Chatios.debug.xcconfig"; sourceTree = "<group>"; };
		FAFE785A9A06B640D0AC0145 /* Pods-Chatios.release.xcconfig */ = {isa = PBXFileReference; includeInIndex = 1; lastKnownFileType = text.xcconfig; name = "Pods-Chatios.release.xcconfig"; path = "Pods/Target Support Files/Pods-Chatios/Pods-Chatios.release.xcconfig"; sourceTree = "<group>"; };
/* End PBXFileReference section */

/* Begin PBXFrameworksBuildPhase section */
		A4138982218A2B710052605C /* Frameworks */ = {
			isa = PBXFrameworksBuildPhase;
			buildActionMask = 2147483647;
			files = (
				28DE88F30B32A4FD170C07B6 /* Pods_Chatios.framework in Frameworks */,
			);
			runOnlyForDeploymentPostprocessing = 0;
		};
/* End PBXFrameworksBuildPhase section */

/* Begin PBXGroup section */
		5EB484ACB84713EB02FABD47 /* Frameworks */ = {
			isa = PBXGroup;
			children = (
				4BF1647A50CF9A4300180BD9 /* Pods_Chatios.framework */,
			);
			name = Frameworks;
			sourceTree = "<group>";
		};
		91202BBFA1B168E14CE13390 /* Pods */ = {
			isa = PBXGroup;
			children = (
				E36B11CB4FA4980E0B1B1ACB /* Pods-Chatios.debug.xcconfig */,
				FAFE785A9A06B640D0AC0145 /* Pods-Chatios.release.xcconfig */,
			);
			name = Pods;
			sourceTree = "<group>";
		};
		A413897C218A2B710052605C = {
			isa = PBXGroup;
			children = (
				A4138987218A2B710052605C /* Chatios */,
				A4138986218A2B710052605C /* Products */,
				91202BBFA1B168E14CE13390 /* Pods */,
				5EB484ACB84713EB02FABD47 /* Frameworks */,
			);
			sourceTree = "<group>";
		};
		A4138986218A2B710052605C /* Products */ = {
			isa = PBXGroup;
			children = (
				A4138985218A2B710052605C /* Chatios.app */,
			);
			name = Products;
			sourceTree = "<group>";
		};
		A4138987218A2B710052605C /* Chatios */ = {
			isa = PBXGroup;
			children = (
				A4138988218A2B710052605C /* AppDelegate.swift */,
				A413898A218A2B710052605C /* ViewController.swift */,
				A4042ACC218C2CE3001E096D /* ChatViewController.swift */,
				A413898C218A2B710052605C /* Main.storyboard */,
				A413898F218A2B730052605C /* Assets.xcassets */,
				A4138991218A2B730052605C /* LaunchScreen.storyboard */,
				A4138994218A2B730052605C /* Info.plist */,
				A4042ACE218C3789001E096D /* WsManager.swift */,
			);
			path = Chatios;
			sourceTree = "<group>";
		};
/* End PBXGroup section */

/* Begin PBXNativeTarget section */
		A4138984218A2B710052605C /* Chatios */ = {
			isa = PBXNativeTarget;
			buildConfigurationList = A4138997218A2B730052605C /* Build configuration list for PBXNativeTarget "Chatios" */;
			buildPhases = (
				0154E355558CB670EECE376C /* [CP] Check Pods Manifest.lock */,
				A4138981218A2B710052605C /* Sources */,
				A4138982218A2B710052605C /* Frameworks */,
				A4138983218A2B710052605C /* Resources */,
				1331187CD3C58DC9021B3383 /* [CP] Embed Pods Frameworks */,
			);
			buildRules = (
			);
			dependencies = (
			);
			name = Chatios;
			productName = Chatios;
			productReference = A4138985218A2B710052605C /* Chatios.app */;
			productType = "com.apple.product-type.application";
		};
/* End PBXNativeTarget section */

/* Begin PBXProject section */
		A413897D218A2B710052605C /* Project object */ = {
			isa = PBXProject;
			attributes = {
				LastSwiftUpdateCheck = 1010;
				LastUpgradeCheck = 1010;
				ORGANIZATIONNAME = stleon;
				TargetAttributes = {
					A4138984218A2B710052605C = {
						CreatedOnToolsVersion = 10.1;
					};
				};
			};
			buildConfigurationList = A4138980218A2B710052605C /* Build configuration list for PBXProject "Chatios" */;
			compatibilityVersion = "Xcode 9.3";
			developmentRegion = en;
			hasScannedForEncodings = 0;
			knownRegions = (
				en,
				Base,
			);
			mainGroup = A413897C218A2B710052605C;
			productRefGroup = A4138986218A2B710052605C /* Products */;
			projectDirPath = "";
			projectRoot = "";
			targets = (
				A4138984218A2B710052605C /* Chatios */,
			);
		};
/* End PBXProject section */

/* Begin PBXResourcesBuildPhase section */
		A4138983218A2B710052605C /* Resources */ = {
			isa = PBXResourcesBuildPhase;
			buildActionMask = 2147483647;
			files = (
				A4138993218A2B730052605C /* LaunchScreen.storyboard in Resources */,
				A4138990218A2B730052605C /* Assets.xcassets in Resources */,
				A413898E218A2B710052605C /* Main.storyboard in Resources */,
			);
			runOnlyForDeploymentPostprocessing = 0;
		};
/* End PBXResourcesBuildPhase section */

/* Begin PBXShellScriptBuildPhase section */
		0154E355558CB670EECE376C /* [CP] Check Pods Manifest.lock */ = {
			isa = PBXShellScriptBuildPhase;
			buildActionMask = 2147483647;
			files = (
			);
			inputFileListPaths = (
			);
			inputPaths = (
				"${PODS_PODFILE_DIR_PATH}/Podfile.lock",
				"${PODS_ROOT}/Manifest.lock",
			);
			name = "[CP] Check Pods Manifest.lock";
			outputFileListPaths = (
			);
			outputPaths = (
				"$(DERIVED_FILE_DIR)/Pods-Chatios-checkManifestLockResult.txt",
			);
			runOnlyForDeploymentPostprocessing = 0;
			shellPath = /bin/sh;
			shellScript = "diff \"${PODS_PODFILE_DIR_PATH}/Podfile.lock\" \"${PODS_ROOT}/Manifest.lock\" > /dev/null\nif [ $? != 0 ] ; then\n    # print error to STDERR\n    echo \"error: The sandbox is not in sync with the Podfile.lock. Run 'pod install' or update your CocoaPods installation.\" >&2\n    exit 1\nfi\n# This output is used by Xcode 'outputs' to avoid re-running this script phase.\necho \"SUCCESS\" > \"${SCRIPT_OUTPUT_FILE_0}\"\n";
			showEnvVarsInLog = 0;
		};
		1331187CD3C58DC9021B3383 /* [CP] Embed Pods Frameworks */ = {
			isa = PBXShellScriptBuildPhase;
			buildActionMask = 2147483647;
			files = (
			);
			inputFileListPaths = (
			);
			inputPaths = (
				"${SRCROOT}/Pods/Target Support Files/Pods-Chatios/Pods-Chatios-frameworks.sh",
				"${BUILT_PRODUCTS_DIR}/MessageInputBar/MessageInputBar.framework",
				"${BUILT_PRODUCTS_DIR}/MessageKit/MessageKit.framework",
				"${BUILT_PRODUCTS_DIR}/Starscream/Starscream.framework",
			);
			name = "[CP] Embed Pods Frameworks";
			outputFileListPaths = (
			);
			outputPaths = (
				"${TARGET_BUILD_DIR}/${FRAMEWORKS_FOLDER_PATH}/MessageInputBar.framework",
				"${TARGET_BUILD_DIR}/${FRAMEWORKS_FOLDER_PATH}/MessageKit.framework",
				"${TARGET_BUILD_DIR}/${FRAMEWORKS_FOLDER_PATH}/Starscream.framework",
			);
			runOnlyForDeploymentPostprocessing = 0;
			shellPath = /bin/sh;
			shellScript = "\"${SRCROOT}/Pods/Target Support Files/Pods-Chatios/Pods-Chatios-frameworks.sh\"\n";
			showEnvVarsInLog = 0;
		};
/* End PBXShellScriptBuildPhase section */

/* Begin PBXSourcesBuildPhase section */
		A4138981218A2B710052605C /* Sources */ = {
			isa = PBXSourcesBuildPhase;
			buildActionMask = 2147483647;
			files = (
				A413898B218A2B710052605C /* ViewController.swift in Sources */,
				A4042ACD218C2CE3001E096D /* ChatViewController.swift in Sources */,
				A4138989218A2B710052605C /* AppDelegate.swift in Sources */,
				A4042ACF218C3789001E096D /* WsManager.swift in Sources */,
			);
			runOnlyForDeploymentPostprocessing = 0;
		};
/* End PBXSourcesBuildPhase section */

/* Begin PBXVariantGroup section */
		A413898C218A2B710052605C /* Main.storyboard */ = {
			isa = PBXVariantGroup;
			children = (
				A413898D218A2B710052605C /* Base */,
			);
			name = Main.storyboard;
			sourceTree = "<group>";
		};
		A4138991218A2B730052605C /* LaunchScreen.storyboard */ = {
			isa = PBXVariantGroup;
			children = (
				A4138992218A2B730052605C /* Base */,
			);
			name = LaunchScreen.storyboard;
			sourceTree = "<group>";
		};
/* End PBXVariantGroup section */

/* Begin XCBuildConfiguration section */
		A4138995218A2B730052605C /* Debug */ = {
			isa = XCBuildConfiguration;
			buildSettings = {
				ALWAYS_SEARCH_USER_PATHS = NO;
				CLANG_ANALYZER_NONNULL = YES;
				CLANG_ANALYZER_NUMBER_OBJECT_CONVERSION = YES_AGGRESSIVE;
				CLANG_CXX_LANGUAGE_STANDARD = "gnu++14";
				CLANG_CXX_LIBRARY = "libc++";
				CLANG_ENABLE_MODULES = YES;
				CLANG_ENABLE_OBJC_ARC = YES;
				CLANG_ENABLE_OBJC_WEAK = YES;
				CLANG_WARN_BLOCK_CAPTURE_AUTORELEASING = YES;
				CLANG_WARN_BOOL_CONVERSION = YES;
				CLANG_WARN_COMMA = YES;
				CLANG_WARN_CONSTANT_CONVERSION = YES;
				CLANG_WARN_DEPRECATED_OBJC_IMPLEMENTATIONS = YES;
				CLANG_WARN_DIRECT_OBJC_ISA_USAGE = YES_ERROR;
				CLANG_WARN_DOCUMENTATION_COMMENTS = YES;
				CLANG_WARN_EMPTY_BODY = YES;
				CLANG_WARN_ENUM_CONVERSION = YES;
				CLANG_WARN_INFINITE_RECURSION = YES;
				CLANG_WARN_INT_CONVERSION = YES;
				CLANG_WARN_NON_LITERAL_NULL_CONVERSION = YES;
				CLANG_WARN_OBJC_IMPLICIT_RETAIN_SELF = YES;
				CLANG_WARN_OBJC_LITERAL_CONVERSION = YES;
				CLANG_WARN_OBJC_ROOT_CLASS = YES_ERROR;
				CLANG_WARN_RANGE_LOOP_ANALYSIS = YES;
				CLANG_WARN_STRICT_PROTOTYPES = YES;
				CLANG_WARN_SUSPICIOUS_MOVE = YES;
				CLANG_WARN_UNGUARDED_AVAILABILITY = YES_AGGRESSIVE;
				CLANG_WARN_UNREACHABLE_CODE = YES;
				CLANG_WARN__DUPLICATE_METHOD_MATCH = YES;
				CODE_SIGN_IDENTITY = "iPhone Developer";
				COPY_PHASE_STRIP = NO;
				DEBUG_INFORMATION_FORMAT = dwarf;
				ENABLE_STRICT_OBJC_MSGSEND = YES;
				ENABLE_TESTABILITY = YES;
				GCC_C_LANGUAGE_STANDARD = gnu11;
				GCC_DYNAMIC_NO_PIC = NO;
				GCC_NO_COMMON_BLOCKS = YES;
				GCC_OPTIMIZATION_LEVEL = 0;
				GCC_PREPROCESSOR_DEFINITIONS = (
					"DEBUG=1",
					"$(inherited)",
				);
				GCC_WARN_64_TO_32_BIT_CONVERSION = YES;
				GCC_WARN_ABOUT_RETURN_TYPE = YES_ERROR;
				GCC_WARN_UNDECLARED_SELECTOR = YES;
				GCC_WARN_UNINITIALIZED_AUTOS = YES_AGGRESSIVE;
				GCC_WARN_UNUSED_FUNCTION = YES;
				GCC_WARN_UNUSED_VARIABLE = YES;
				IPHONEOS_DEPLOYMENT_TARGET = 12.1;
				MTL_ENABLE_DEBUG_INFO = INCLUDE_SOURCE;
				MTL_FAST_MATH = YES;
				ONLY_ACTIVE_ARCH = YES;
				SDKROOT = iphoneos;
				SWIFT_ACTIVE_COMPILATION_CONDITIONS = DEBUG;
				SWIFT_OPTIMIZATION_LEVEL = "-Onone";
			};
			name = Debug;
		};
		A4138996218A2B730052605C /* Release */ = {
			isa = XCBuildConfiguration;
			buildSettings = {
				ALWAYS_SEARCH_USER_PATHS = NO;
				CLANG_ANALYZER_NONNULL = YES;
				CLANG_ANALYZER_NUMBER_OBJECT_CONVERSION = YES_AGGRESSIVE;
				CLANG_CXX_LANGUAGE_STANDARD = "gnu++14";
				CLANG_CXX_LIBRARY = "libc++";
				CLANG_ENABLE_MODULES = YES;
				CLANG_ENABLE_OBJC_ARC = YES;
				CLANG_ENABLE_OBJC_WEAK = YES;
				CLANG_WARN_BLOCK_CAPTURE_AUTORELEASING = YES;
				CLANG_WARN_BOOL_CONVERSION = YES;
				CLANG_WARN_COMMA = YES;
				CLANG_WARN_CONSTANT_CONVERSION = YES;
				CLANG_WARN_DEPRECATED_OBJC_IMPLEMENTATIONS = YES;
				CLANG_WARN_DIRECT_OBJC_ISA_USAGE = YES_ERROR;
				CLANG_WARN_DOCUMENTATION_COMMENTS = YES;
				CLANG_WARN_EMPTY_BODY = YES;
				CLANG_WARN_ENUM_CONVERSION = YES;
				CLANG_WARN_INFINITE_RECURSION = YES;
				CLANG_WARN_INT_CONVERSION = YES;
				CLANG_WARN_NON_LITERAL_NULL_CONVERSION = YES;
				CLANG_WARN_OBJC_IMPLICIT_RETAIN_SELF = YES;
				CLANG_WARN_OBJC_LITERAL_CONVERSION = YES;
				CLANG_WARN_OBJC_ROOT_CLASS = YES_ERROR;
				CLANG_WARN_RANGE_LOOP_ANALYSIS = YES;
				CLANG_WARN_STRICT_PROTOTYPES = YES;
				CLANG_WARN_SUSPICIOUS_MOVE = YES;
				CLANG_WARN_UNGUARDED_AVAILABILITY = YES_AGGRESSIVE;
				CLANG_WARN_UNREACHABLE_CODE = YES;
				CLANG_WARN__DUPLICATE_METHOD_MATCH = YES;
				CODE_SIGN_IDENTITY = "iPhone Developer";
				COPY_PHASE_STRIP = NO;
				DEBUG_INFORMATION_FORMAT = "dwarf-with-dsym";
				ENABLE_NS_ASSERTIONS = NO;
				ENABLE_STRICT_OBJC_MSGSEND = YES;
				GCC_C_LANGUAGE_STANDARD = gnu11;
				GCC_NO_COMMON_BLOCKS = YES;
				GCC_WARN_64_TO_32_BIT_CONVERSION = YES;
				GCC_WARN_ABOUT_RETURN_TYPE = YES_ERROR;
				GCC_WARN_UNDECLARED_SELECTOR = YES;
				GCC_WARN_UNINITIALIZED_AUTOS = YES_AGGRESSIVE;
				GCC_WARN_UNUSED_FUNCTION = YES;
				GCC_WARN_UNUSED_VARIABLE = YES;
				IPHONEOS_DEPLOYMENT_TARGET = 12.1;
				MTL_ENABLE_DEBUG_INFO = NO;
				MTL_FAST_MATH = YES;
				SDKROOT = iphoneos;
				SWIFT_COMPILATION_MODE = wholemodule;
				SWIFT_OPTIMIZATION_LEVEL = "-O";
				VALIDATE_PRODUCT = YES;
			};
			name = Release;
		};
		A4138998218A2B730052605C /* Debug */ = {
			isa = XCBuildConfiguration;
			baseConfigurationReference = E36B11CB4FA4980E0B1B1ACB /* Pods-Chatios.debug.xcconfig */;
			buildSettings = {
				ASSETCATALOG_COMPILER_APPICON_NAME = AppIcon;
				CODE_SIGN_STYLE = Automatic;
				DEVELOPMENT_TEAM = 5884YD2VRD;
				FRAMEWORK_SEARCH_PATHS = "";
				"FRAMEWORK_SEARCH_PATHS[arch=*]" = (
					"$(inherited)",
					"\"${PODS_CONFIGURATION_BUILD_DIR}/MessageInputBar\"",
					"\"${PODS_CONFIGURATION_BUILD_DIR}/MessageKit\"",
					"\"${PODS_CONFIGURATION_BUILD_DIR}/Socket.IO-Client-Swift\"",
					"\"${PODS_CONFIGURATION_BUILD_DIR}/Starscream\"",
				);
				INFOPLIST_FILE = Chatios/Info.plist;
				IPHONEOS_DEPLOYMENT_TARGET = 12.1;
				LD_RUNPATH_SEARCH_PATHS = (
					"$(inherited)",
					"@executable_path/Frameworks",
				);
				PRODUCT_BUNDLE_IDENTIFIER = stleon.Chatios;
				PRODUCT_NAME = "$(TARGET_NAME)";
				SWIFT_VERSION = 4.2;
				TARGETED_DEVICE_FAMILY = "1,2";
			};
			name = Debug;
		};
		A4138999218A2B730052605C /* Release */ = {
			isa = XCBuildConfiguration;
			baseConfigurationReference = FAFE785A9A06B640D0AC0145 /* Pods-Chatios.release.xcconfig */;
			buildSettings = {
				ASSETCATALOG_COMPILER_APPICON_NAME = AppIcon;
				CODE_SIGN_STYLE = Automatic;
				DEVELOPMENT_TEAM = 5884YD2VRD;
				FRAMEWORK_SEARCH_PATHS = "";
				"FRAMEWORK_SEARCH_PATHS[arch=*]" = (
					"$(inherited)",
					"\"${PODS_CONFIGURATION_BUILD_DIR}/MessageInputBar\"",
					"\"${PODS_CONFIGURATION_BUILD_DIR}/MessageKit\"",
					"\"${PODS_CONFIGURATION_BUILD_DIR}/Socket.IO-Client-Swift\"",
					"\"${PODS_CONFIGURATION_BUILD_DIR}/Starscream\"",
				);
				INFOPLIST_FILE = Chatios/Info.plist;
				IPHONEOS_DEPLOYMENT_TARGET = 12.1;
				LD_RUNPATH_SEARCH_PATHS = (
					"$(inherited)",
					"@executable_path/Frameworks",
				);
				PRODUCT_BUNDLE_IDENTIFIER = stleon.Chatios;
				PRODUCT_NAME = "$(TARGET_NAME)";
				SWIFT_VERSION = 4.2;
				TARGETED_DEVICE_FAMILY = "1,2";
			};
			name = Release;
		};
/* End XCBuildConfiguration section */

/* Begin XCConfigurationList section */
		A4138980218A2B710052605C /* Build configuration list for PBXProject "Chatios" */ = {
			isa = XCConfigurationList;
			buildConfigurations = (
				A4138995218A2B730052605C /* Debug */,
				A4138996218A2B730052605C /* Release */,
			);
			defaultConfigurationIsVisible = 0;
			defaultConfigurationName = Release;
		};
		A4138997218A2B730052605C /* Build configuration list for PBXNativeTarget "Chatios" */ = {
			isa = XCConfigurationList;
			buildConfigurations = (
				A4138998218A2B730052605C /* Debug */,
				A4138999218A2B730052605C /* Release */,
			);
			defaultConfigurationIsVisible = 0;
			defaultConfigurationName = Release;
		};
/* End XCConfigurationList section */
	};
	rootObject = A413897D218A2B710052605C /* Project object */;
}
